
Microsoft Visual Studio Solution File, Format Version 12.00
# Visual Studio Version 17
VisualStudioVersion = 17.0.32112.339
MinimumVisualStudioVersion = 10.0.40219.1
Project("{FAE04EC0-301F-11D3-BF4B-00C04F79EFBC}") = "Visualization", "Visualization\Visualization.csproj", "{326E5C2D-FF24-4C27-A337-CAC5F2C6CF2D}"
EndProject
Global
	GlobalSection(SolutionConfigurationPlatforms) = preSolution
		Debug|Any CPU = Debug|Any CPU
		Release|Any CPU = Release|Any CPU
	EndGlobalSection
	GlobalSection(ProjectConfigurationPlatforms) = postSolution
		{326E5C2D-FF24-4C27-A337-CAC5F2C6CF2D}.Debug|Any CPU.ActiveCfg = Debug|Any CPU
		{326E5C2D-FF24-4C27-A337-CAC5F2C6CF2D}.Debug|Any CPU.Build.0 = Debug|Any CPU
		{326E5C2D-FF24-4C27-A337-CAC5F2C6CF2D}.Release|Any CPU.ActiveCfg = Release|Any CPU
		{326E5C2D-FF24-4C27-A337-CAC5F2C6CF2D}.Release|Any CPU.Build.0 = Release|Any CPU
	EndGlobalSection
	GlobalSection(SolutionProperties) = preSolution
		HideSolutionNode = FALSE
	EndGlobalSection
	GlobalSection(ExtensibilityGlobals) = postSolution
		SolutionGuid = {6BFFC3A5-1FCF-48AF-A87D-5669958BAE32}
	EndGlobalSection
EndGlobal
